
Microsoft Visual Studio Solution File, Format Version 12.00
# Visual Studio Version 17
VisualStudioVersion = 17.9.34622.214
MinimumVisualStudioVersion = 10.0.40219.1
Project("{FAE04EC0-301F-11D3-BF4B-00C04F79EFBC}") = "AppTrombinoscope", "TROMBINOSCOPE\AppTrombinoscope.csproj", "{4F0F47A8-E685-4C6F-8061-9571828A5507}"
EndProject
Project("{FAE04EC0-301F-11D3-BF4B-00C04F79EFBC}") = "DllbddPersonnels", "DllbddPersonnels\DllbddPersonnels.csproj", "{6BA6052D-1D0A-4CFE-A0F1-9A506DB7119C}"
EndProject
Global
	GlobalSection(SolutionConfigurationPlatforms) = preSolution
		Debug|Any CPU = Debug|Any CPU
		Release|Any CPU = Release|Any CPU
	EndGlobalSection
	GlobalSection(ProjectConfigurationPlatforms) = postSolution
		{4F0F47A8-E685-4C6F-8061-9571828A5507}.Debug|Any CPU.ActiveCfg = Debug|Any CPU
		{4F0F47A8-E685-4C6F-8061-9571828A5507}.Debug|Any CPU.Build.0 = Debug|Any CPU
		{4F0F47A8-E685-4C6F-8061-9571828A5507}.Release|Any CPU.ActiveCfg = Release|Any CPU
		{4F0F47A8-E685-4C6F-8061-9571828A5507}.Release|Any CPU.Build.0 = Release|Any CPU
		{6BA6052D-1D0A-4CFE-A0F1-9A506DB7119C}.Debug|Any CPU.ActiveCfg = Debug|Any CPU
		{6BA6052D-1D0A-4CFE-A0F1-9A506DB7119C}.Debug|Any CPU.Build.0 = Debug|Any CPU
		{6BA6052D-1D0A-4CFE-A0F1-9A506DB7119C}.Release|Any CPU.ActiveCfg = Release|Any CPU
		{6BA6052D-1D0A-4CFE-A0F1-9A506DB7119C}.Release|Any CPU.Build.0 = Release|Any CPU
	EndGlobalSection
	GlobalSection(SolutionProperties) = preSolution
		HideSolutionNode = FALSE
	EndGlobalSection
	GlobalSection(ExtensibilityGlobals) = postSolution
		SolutionGuid = {AFECC3B6-62FF-4C93-8557-8FDEB12FFA6C}
	EndGlobalSection
EndGlobal
